// !$*UTF8*$!
{
	archiveVersion = 1;
	classes = {
	};
	objectVersion = 55;
	objects = {

/* Begin PBXBuildFile section */
		9BBA433382BDB9A194A7CF8E /* Pods_ImageGeneratorIA_ImageGeneratorIAUITests.framework in Frameworks */ = {isa = PBXBuildFile; fileRef = 853C62096357B780D37EF3A3 /* Pods_ImageGeneratorIA_ImageGeneratorIAUITests.framework */; };
		CE48D2DB4ED7D33EA48087F4 /* Pods_ImageGeneratorIATests.framework in Frameworks */ = {isa = PBXBuildFile; fileRef = 4A7A4819BF045468AD5DD4C2 /* Pods_ImageGeneratorIATests.framework */; };
		CEC8A16C2A16645B00B82A88 /* AppDelegate.swift in Sources */ = {isa = PBXBuildFile; fileRef = CEC8A16B2A16645B00B82A88 /* AppDelegate.swift */; };
		CEC8A16E2A16645B00B82A88 /* SceneDelegate.swift in Sources */ = {isa = PBXBuildFile; fileRef = CEC8A16D2A16645B00B82A88 /* SceneDelegate.swift */; };
		CEC8A1702A16645B00B82A88 /* GenerateImageViewController.swift in Sources */ = {isa = PBXBuildFile; fileRef = CEC8A16F2A16645B00B82A88 /* GenerateImageViewController.swift */; };
		CEC8A1732A16645B00B82A88 /* Main.storyboard in Resources */ = {isa = PBXBuildFile; fileRef = CEC8A1712A16645B00B82A88 /* Main.storyboard */; };
		CEC8A1752A16645F00B82A88 /* Assets.xcassets in Resources */ = {isa = PBXBuildFile; fileRef = CEC8A1742A16645F00B82A88 /* Assets.xcassets */; };
		CEC8A1782A16645F00B82A88 /* LaunchScreen.storyboard in Resources */ = {isa = PBXBuildFile; fileRef = CEC8A1762A16645F00B82A88 /* LaunchScreen.storyboard */; };
		CEC8A1832A16645F00B82A88 /* ImageGeneratorIATests.swift in Sources */ = {isa = PBXBuildFile; fileRef = CEC8A1822A16645F00B82A88 /* ImageGeneratorIATests.swift */; };
		CEC8A18D2A16645F00B82A88 /* ImageGeneratorIAUITests.swift in Sources */ = {isa = PBXBuildFile; fileRef = CEC8A18C2A16645F00B82A88 /* ImageGeneratorIAUITests.swift */; };
		CEC8A18F2A16645F00B82A88 /* ImageGeneratorIAUITestsLaunchTests.swift in Sources */ = {isa = PBXBuildFile; fileRef = CEC8A18E2A16645F00B82A88 /* ImageGeneratorIAUITestsLaunchTests.swift */; };
		CEC8A1A02A16670A00B82A88 /* API.swift in Sources */ = {isa = PBXBuildFile; fileRef = CEC8A19F2A16670A00B82A88 /* API.swift */; };
		CEC8A1A22A16674300B82A88 /* GeneratorImageViewModel.swift in Sources */ = {isa = PBXBuildFile; fileRef = CEC8A1A12A16674300B82A88 /* GeneratorImageViewModel.swift */; };
		CEC8A1A52A16732700B82A88 /* OpenAISwift in Frameworks */ = {isa = PBXBuildFile; productRef = CEC8A1A42A16732700B82A88 /* OpenAISwift */; };
		FD5974EAD433ADFF1AAFC631 /* Pods_ImageGeneratorIA.framework in Frameworks */ = {isa = PBXBuildFile; fileRef = 90343C182A0E41B258444B6A /* Pods_ImageGeneratorIA.framework */; };
/* End PBXBuildFile section */

/* Begin PBXContainerItemProxy section */
		CEC8A17F2A16645F00B82A88 /* PBXContainerItemProxy */ = {
			isa = PBXContainerItemProxy;
			containerPortal = CEC8A1602A16645B00B82A88 /* Project object */;
			proxyType = 1;
			remoteGlobalIDString = CEC8A1672A16645B00B82A88;
			remoteInfo = ImageGeneratorIA;
		};
		CEC8A1892A16645F00B82A88 /* PBXContainerItemProxy */ = {
			isa = PBXContainerItemProxy;
			containerPortal = CEC8A1602A16645B00B82A88 /* Project object */;
			proxyType = 1;
			remoteGlobalIDString = CEC8A1672A16645B00B82A88;
			remoteInfo = ImageGeneratorIA;
		};
/* End PBXContainerItemProxy section */

/* Begin PBXFileReference section */
		2D02C503A08B2F9A8D752B39 /* Pods-ImageGeneratorIATests.release.xcconfig */ = {isa = PBXFileReference; includeInIndex = 1; lastKnownFileType = text.xcconfig; name = "Pods-ImageGeneratorIATests.release.xcconfig"; path = "Target Support Files/Pods-ImageGeneratorIATests/Pods-ImageGeneratorIATests.release.xcconfig"; sourceTree = "<group>"; };
		3BA6309C815883E1517EBDCA /* Pods-ImageGeneratorIA-ImageGeneratorIAUITests.debug.xcconfig */ = {isa = PBXFileReference; includeInIndex = 1; lastKnownFileType = text.xcconfig; name = "Pods-ImageGeneratorIA-ImageGeneratorIAUITests.debug.xcconfig"; path = "Target Support Files/Pods-ImageGeneratorIA-ImageGeneratorIAUITests/Pods-ImageGeneratorIA-ImageGeneratorIAUITests.debug.xcconfig"; sourceTree = "<group>"; };
		47266EC25FC1240BA2AE6747 /* Pods-ImageGeneratorIATests.debug.xcconfig */ = {isa = PBXFileReference; includeInIndex = 1; lastKnownFileType = text.xcconfig; name = "Pods-ImageGeneratorIATests.debug.xcconfig"; path = "Target Support Files/Pods-ImageGeneratorIATests/Pods-ImageGeneratorIATests.debug.xcconfig"; sourceTree = "<group>"; };
		4A7A4819BF045468AD5DD4C2 /* Pods_ImageGeneratorIATests.framework */ = {isa = PBXFileReference; explicitFileType = wrapper.framework; includeInIndex = 0; path = Pods_ImageGeneratorIATests.framework; sourceTree = BUILT_PRODUCTS_DIR; };
		639735B010B4DA306AA0F852 /* Pods-ImageGeneratorIA.release.xcconfig */ = {isa = PBXFileReference; includeInIndex = 1; lastKnownFileType = text.xcconfig; name = "Pods-ImageGeneratorIA.release.xcconfig"; path = "Target Support Files/Pods-ImageGeneratorIA/Pods-ImageGeneratorIA.release.xcconfig"; sourceTree = "<group>"; };
		7C518651828883EA1BCE0F6C /* Pods-ImageGeneratorIA.debug.xcconfig */ = {isa = PBXFileReference; includeInIndex = 1; lastKnownFileType = text.xcconfig; name = "Pods-ImageGeneratorIA.debug.xcconfig"; path = "Target Support Files/Pods-ImageGeneratorIA/Pods-ImageGeneratorIA.debug.xcconfig"; sourceTree = "<group>"; };
		853C62096357B780D37EF3A3 /* Pods_ImageGeneratorIA_ImageGeneratorIAUITests.framework */ = {isa = PBXFileReference; explicitFileType = wrapper.framework; includeInIndex = 0; path = Pods_ImageGeneratorIA_ImageGeneratorIAUITests.framework; sourceTree = BUILT_PRODUCTS_DIR; };
		8F75173EEC9AF56CE5737BE9 /* Pods-ImageGeneratorIA-ImageGeneratorIAUITests.release.xcconfig */ = {isa = PBXFileReference; includeInIndex = 1; lastKnownFileType = text.xcconfig; name = "Pods-ImageGeneratorIA-ImageGeneratorIAUITests.release.xcconfig"; path = "Target Support Files/Pods-ImageGeneratorIA-ImageGeneratorIAUITests/Pods-ImageGeneratorIA-ImageGeneratorIAUITests.release.xcconfig"; sourceTree = "<group>"; };
		90343C182A0E41B258444B6A /* Pods_ImageGeneratorIA.framework */ = {isa = PBXFileReference; explicitFileType = wrapper.framework; includeInIndex = 0; path = Pods_ImageGeneratorIA.framework; sourceTree = BUILT_PRODUCTS_DIR; };
		CEC8A1682A16645B00B82A88 /* ImageGeneratorIA.app */ = {isa = PBXFileReference; explicitFileType = wrapper.application; includeInIndex = 0; path = ImageGeneratorIA.app; sourceTree = BUILT_PRODUCTS_DIR; };
		CEC8A16B2A16645B00B82A88 /* AppDelegate.swift */ = {isa = PBXFileReference; lastKnownFileType = sourcecode.swift; path = AppDelegate.swift; sourceTree = "<group>"; };
		CEC8A16D2A16645B00B82A88 /* SceneDelegate.swift */ = {isa = PBXFileReference; lastKnownFileType = sourcecode.swift; path = SceneDelegate.swift; sourceTree = "<group>"; };
		CEC8A16F2A16645B00B82A88 /* GenerateImageViewController.swift */ = {isa = PBXFileReference; lastKnownFileType = sourcecode.swift; path = GenerateImageViewController.swift; sourceTree = "<group>"; };
		CEC8A1722A16645B00B82A88 /* Base */ = {isa = PBXFileReference; lastKnownFileType = file.storyboard; name = Base; path = Base.lproj/Main.storyboard; sourceTree = "<group>"; };
		CEC8A1742A16645F00B82A88 /* Assets.xcassets */ = {isa = PBXFileReference; lastKnownFileType = folder.assetcatalog; path = Assets.xcassets; sourceTree = "<group>"; };
		CEC8A1772A16645F00B82A88 /* Base */ = {isa = PBXFileReference; lastKnownFileType = file.storyboard; name = Base; path = Base.lproj/LaunchScreen.storyboard; sourceTree = "<group>"; };
		CEC8A1792A16645F00B82A88 /* Info.plist */ = {isa = PBXFileReference; lastKnownFileType = text.plist.xml; path = Info.plist; sourceTree = "<group>"; };
		CEC8A17E2A16645F00B82A88 /* ImageGeneratorIATests.xctest */ = {isa = PBXFileReference; explicitFileType = wrapper.cfbundle; includeInIndex = 0; path = ImageGeneratorIATests.xctest; sourceTree = BUILT_PRODUCTS_DIR; };
		CEC8A1822A16645F00B82A88 /* ImageGeneratorIATests.swift */ = {isa = PBXFileReference; lastKnownFileType = sourcecode.swift; path = ImageGeneratorIATests.swift; sourceTree = "<group>"; };
		CEC8A1882A16645F00B82A88 /* ImageGeneratorIAUITests.xctest */ = {isa = PBXFileReference; explicitFileType = wrapper.cfbundle; includeInIndex = 0; path = ImageGeneratorIAUITests.xctest; sourceTree = BUILT_PRODUCTS_DIR; };
		CEC8A18C2A16645F00B82A88 /* ImageGeneratorIAUITests.swift */ = {isa = PBXFileReference; lastKnownFileType = sourcecode.swift; path = ImageGeneratorIAUITests.swift; sourceTree = "<group>"; };
		CEC8A18E2A16645F00B82A88 /* ImageGeneratorIAUITestsLaunchTests.swift */ = {isa = PBXFileReference; lastKnownFileType = sourcecode.swift; path = ImageGeneratorIAUITestsLaunchTests.swift; sourceTree = "<group>"; };
		CEC8A19F2A16670A00B82A88 /* API.swift */ = {isa = PBXFileReference; lastKnownFileType = sourcecode.swift; path = API.swift; sourceTree = "<group>"; };
		CEC8A1A12A16674300B82A88 /* GeneratorImageViewModel.swift */ = {isa = PBXFileReference; lastKnownFileType = sourcecode.swift; path = GeneratorImageViewModel.swift; sourceTree = "<group>"; };
/* End PBXFileReference section */

/* Begin PBXFrameworksBuildPhase section */
		CEC8A1652A16645B00B82A88 /* Frameworks */ = {
			isa = PBXFrameworksBuildPhase;
			buildActionMask = 2147483647;
			files = (
				CEC8A1A52A16732700B82A88 /* OpenAISwift in Frameworks */,
				FD5974EAD433ADFF1AAFC631 /* Pods_ImageGeneratorIA.framework in Frameworks */,
			);
			runOnlyForDeploymentPostprocessing = 0;
		};
		CEC8A17B2A16645F00B82A88 /* Frameworks */ = {
			isa = PBXFrameworksBuildPhase;
			buildActionMask = 2147483647;
			files = (
				CE48D2DB4ED7D33EA48087F4 /* Pods_ImageGeneratorIATests.framework in Frameworks */,
			);
			runOnlyForDeploymentPostprocessing = 0;
		};
		CEC8A1852A16645F00B82A88 /* Frameworks */ = {
			isa = PBXFrameworksBuildPhase;
			buildActionMask = 2147483647;
			files = (
				9BBA433382BDB9A194A7CF8E /* Pods_ImageGeneratorIA_ImageGeneratorIAUITests.framework in Frameworks */,
			);
			runOnlyForDeploymentPostprocessing = 0;
		};
/* End PBXFrameworksBuildPhase section */

/* Begin PBXGroup section */
		18B33C4730C9F73EF24BC25E /* Pods */ = {
			isa = PBXGroup;
			children = (
				7C518651828883EA1BCE0F6C /* Pods-ImageGeneratorIA.debug.xcconfig */,
				639735B010B4DA306AA0F852 /* Pods-ImageGeneratorIA.release.xcconfig */,
				3BA6309C815883E1517EBDCA /* Pods-ImageGeneratorIA-ImageGeneratorIAUITests.debug.xcconfig */,
				8F75173EEC9AF56CE5737BE9 /* Pods-ImageGeneratorIA-ImageGeneratorIAUITests.release.xcconfig */,
				47266EC25FC1240BA2AE6747 /* Pods-ImageGeneratorIATests.debug.xcconfig */,
				2D02C503A08B2F9A8D752B39 /* Pods-ImageGeneratorIATests.release.xcconfig */,
			);
			path = Pods;
			sourceTree = "<group>";
		};
		27DACB086A2986B84959B327 /* Frameworks */ = {
			isa = PBXGroup;
			children = (
				90343C182A0E41B258444B6A /* Pods_ImageGeneratorIA.framework */,
				853C62096357B780D37EF3A3 /* Pods_ImageGeneratorIA_ImageGeneratorIAUITests.framework */,
				4A7A4819BF045468AD5DD4C2 /* Pods_ImageGeneratorIATests.framework */,
			);
			name = Frameworks;
			sourceTree = "<group>";
		};
		CEC8A15F2A16645B00B82A88 = {
			isa = PBXGroup;
			children = (
				CEC8A16A2A16645B00B82A88 /* ImageGeneratorIA */,
				CEC8A1812A16645F00B82A88 /* ImageGeneratorIATests */,
				CEC8A18B2A16645F00B82A88 /* ImageGeneratorIAUITests */,
				CEC8A1692A16645B00B82A88 /* Products */,
				18B33C4730C9F73EF24BC25E /* Pods */,
				27DACB086A2986B84959B327 /* Frameworks */,
			);
			sourceTree = "<group>";
		};
		CEC8A1692A16645B00B82A88 /* Products */ = {
			isa = PBXGroup;
			children = (
				CEC8A1682A16645B00B82A88 /* ImageGeneratorIA.app */,
				CEC8A17E2A16645F00B82A88 /* ImageGeneratorIATests.xctest */,
				CEC8A1882A16645F00B82A88 /* ImageGeneratorIAUITests.xctest */,
			);
			name = Products;
			sourceTree = "<group>";
		};
		CEC8A16A2A16645B00B82A88 /* ImageGeneratorIA */ = {
			isa = PBXGroup;
			children = (
				CEC8A19E2A1666F800B82A88 /* Services */,
				CEC8A19D2A1666F000B82A88 /* ViewModel */,
				CEC8A19C2A1666CE00B82A88 /* Controllers */,
				CEC8A19B2A1666C100B82A88 /* Delegates */,
				CEC8A1712A16645B00B82A88 /* Main.storyboard */,
				CEC8A1762A16645F00B82A88 /* LaunchScreen.storyboard */,
				CEC8A1742A16645F00B82A88 /* Assets.xcassets */,
				CEC8A1792A16645F00B82A88 /* Info.plist */,
			);
			path = ImageGeneratorIA;
			sourceTree = "<group>";
		};
		CEC8A1812A16645F00B82A88 /* ImageGeneratorIATests */ = {
			isa = PBXGroup;
			children = (
				CEC8A1822A16645F00B82A88 /* ImageGeneratorIATests.swift */,
			);
			path = ImageGeneratorIATests;
			sourceTree = "<group>";
		};
		CEC8A18B2A16645F00B82A88 /* ImageGeneratorIAUITests */ = {
			isa = PBXGroup;
			children = (
				CEC8A18C2A16645F00B82A88 /* ImageGeneratorIAUITests.swift */,
				CEC8A18E2A16645F00B82A88 /* ImageGeneratorIAUITestsLaunchTests.swift */,
			);
			path = ImageGeneratorIAUITests;
			sourceTree = "<group>";
		};
		CEC8A19B2A1666C100B82A88 /* Delegates */ = {
			isa = PBXGroup;
			children = (
				CEC8A16D2A16645B00B82A88 /* SceneDelegate.swift */,
				CEC8A16B2A16645B00B82A88 /* AppDelegate.swift */,
			);
			path = Delegates;
			sourceTree = "<group>";
		};
		CEC8A19C2A1666CE00B82A88 /* Controllers */ = {
			isa = PBXGroup;
			children = (
				CEC8A16F2A16645B00B82A88 /* GenerateImageViewController.swift */,
			);
			path = Controllers;
			sourceTree = "<group>";
		};
		CEC8A19D2A1666F000B82A88 /* ViewModel */ = {
			isa = PBXGroup;
			children = (
				CEC8A1A12A16674300B82A88 /* GeneratorImageViewModel.swift */,
			);
			path = ViewModel;
			sourceTree = "<group>";
		};
		CEC8A19E2A1666F800B82A88 /* Services */ = {
			isa = PBXGroup;
			children = (
				CEC8A19F2A16670A00B82A88 /* API.swift */,
			);
			path = Services;
			sourceTree = "<group>";
		};
/* End PBXGroup section */

/* Begin PBXNativeTarget section */
		CEC8A1672A16645B00B82A88 /* ImageGeneratorIA */ = {
			isa = PBXNativeTarget;
			buildConfigurationList = CEC8A1922A16645F00B82A88 /* Build configuration list for PBXNativeTarget "ImageGeneratorIA" */;
			buildPhases = (
				C0218C4AE5F36F8105155779 /* [CP] Check Pods Manifest.lock */,
				CEC8A1642A16645B00B82A88 /* Sources */,
				CEC8A1652A16645B00B82A88 /* Frameworks */,
				CEC8A1662A16645B00B82A88 /* Resources */,
				94A15B77BBACD34CD527A3F6 /* [CP] Embed Pods Frameworks */,
			);
			buildRules = (
			);
			dependencies = (
			);
			name = ImageGeneratorIA;
			packageProductDependencies = (
				CEC8A1A42A16732700B82A88 /* OpenAISwift */,
			);
			productName = ImageGeneratorIA;
			productReference = CEC8A1682A16645B00B82A88 /* ImageGeneratorIA.app */;
			productType = "com.apple.product-type.application";
		};
		CEC8A17D2A16645F00B82A88 /* ImageGeneratorIATests */ = {
			isa = PBXNativeTarget;
			buildConfigurationList = CEC8A1952A16645F00B82A88 /* Build configuration list for PBXNativeTarget "ImageGeneratorIATests" */;
			buildPhases = (
				4704056DEF868E204852CCBA /* [CP] Check Pods Manifest.lock */,
				CEC8A17A2A16645F00B82A88 /* Sources */,
				CEC8A17B2A16645F00B82A88 /* Frameworks */,
				CEC8A17C2A16645F00B82A88 /* Resources */,
			);
			buildRules = (
			);
			dependencies = (
				CEC8A1802A16645F00B82A88 /* PBXTargetDependency */,
			);
			name = ImageGeneratorIATests;
			productName = ImageGeneratorIATests;
			productReference = CEC8A17E2A16645F00B82A88 /* ImageGeneratorIATests.xctest */;
			productType = "com.apple.product-type.bundle.unit-test";
		};
		CEC8A1872A16645F00B82A88 /* ImageGeneratorIAUITests */ = {
			isa = PBXNativeTarget;
			buildConfigurationList = CEC8A1982A16645F00B82A88 /* Build configuration list for PBXNativeTarget "ImageGeneratorIAUITests" */;
			buildPhases = (
				BEF1C18209F8AE2F8E0BF2FE /* [CP] Check Pods Manifest.lock */,
				CEC8A1842A16645F00B82A88 /* Sources */,
				CEC8A1852A16645F00B82A88 /* Frameworks */,
				CEC8A1862A16645F00B82A88 /* Resources */,
				CC3EBBC1B78B3467602ECCB3 /* [CP] Embed Pods Frameworks */,
			);
			buildRules = (
			);
			dependencies = (
				CEC8A18A2A16645F00B82A88 /* PBXTargetDependency */,
			);
			name = ImageGeneratorIAUITests;
			productName = ImageGeneratorIAUITests;
			productReference = CEC8A1882A16645F00B82A88 /* ImageGeneratorIAUITests.xctest */;
			productType = "com.apple.product-type.bundle.ui-testing";
		};
/* End PBXNativeTarget section */

/* Begin PBXProject section */
		CEC8A1602A16645B00B82A88 /* Project object */ = {
			isa = PBXProject;
			attributes = {
				BuildIndependentTargetsInParallel = 1;
				LastSwiftUpdateCheck = 1330;
				LastUpgradeCheck = 1330;
				TargetAttributes = {
					CEC8A1672A16645B00B82A88 = {
						CreatedOnToolsVersion = 13.3.1;
					};
					CEC8A17D2A16645F00B82A88 = {
						CreatedOnToolsVersion = 13.3.1;
						TestTargetID = CEC8A1672A16645B00B82A88;
					};
					CEC8A1872A16645F00B82A88 = {
						CreatedOnToolsVersion = 13.3.1;
						TestTargetID = CEC8A1672A16645B00B82A88;
					};
				};
			};
			buildConfigurationList = CEC8A1632A16645B00B82A88 /* Build configuration list for PBXProject "ImageGeneratorIA" */;
			compatibilityVersion = "Xcode 13.0";
			developmentRegion = en;
			hasScannedForEncodings = 0;
			knownRegions = (
				en,
				Base,
			);
			mainGroup = CEC8A15F2A16645B00B82A88;
			packageReferences = (
				CEC8A1A32A16732700B82A88 /* XCRemoteSwiftPackageReference "OpenAISwift" */,
			);
			productRefGroup = CEC8A1692A16645B00B82A88 /* Products */;
			projectDirPath = "";
			projectRoot = "";
			targets = (
				CEC8A1672A16645B00B82A88 /* ImageGeneratorIA */,
				CEC8A17D2A16645F00B82A88 /* ImageGeneratorIATests */,
				CEC8A1872A16645F00B82A88 /* ImageGeneratorIAUITests */,
			);
		};
/* End PBXProject section */

/* Begin PBXResourcesBuildPhase section */
		CEC8A1662A16645B00B82A88 /* Resources */ = {
			isa = PBXResourcesBuildPhase;
			buildActionMask = 2147483647;
			files = (
				CEC8A1782A16645F00B82A88 /* LaunchScreen.storyboard in Resources */,
				CEC8A1752A16645F00B82A88 /* Assets.xcassets in Resources */,
				CEC8A1732A16645B00B82A88 /* Main.storyboard in Resources */,
			);
			runOnlyForDeploymentPostprocessing = 0;
		};
		CEC8A17C2A16645F00B82A88 /* Resources */ = {
			isa = PBXResourcesBuildPhase;
			buildActionMask = 2147483647;
			files = (
			);
			runOnlyForDeploymentPostprocessing = 0;
		};
		CEC8A1862A16645F00B82A88 /* Resources */ = {
			isa = PBXResourcesBuildPhase;
			buildActionMask = 2147483647;
			files = (
			);
			runOnlyForDeploymentPostprocessing = 0;
		};
/* End PBXResourcesBuildPhase section */

/* Begin PBXShellScriptBuildPhase section */
		4704056DEF868E204852CCBA /* [CP] Check Pods Manifest.lock */ = {
			isa = PBXShellScriptBuildPhase;
			buildActionMask = 2147483647;
			files = (
			);
			inputFileListPaths = (
			);
			inputPaths = (
				"${PODS_PODFILE_DIR_PATH}/Podfile.lock",
				"${PODS_ROOT}/Manifest.lock",
			);
			name = "[CP] Check Pods Manifest.lock";
			outputFileListPaths = (
			);
			outputPaths = (
				"$(DERIVED_FILE_DIR)/Pods-ImageGeneratorIATests-checkManifestLockResult.txt",
			);
			runOnlyForDeploymentPostprocessing = 0;
			shellPath = /bin/sh;
			shellScript = "diff \"${PODS_PODFILE_DIR_PATH}/Podfile.lock\" \"${PODS_ROOT}/Manifest.lock\" > /dev/null\nif [ $? != 0 ] ; then\n    # print error to STDERR\n    echo \"error: The sandbox is not in sync with the Podfile.lock. Run 'pod install' or update your CocoaPods installation.\" >&2\n    exit 1\nfi\n# This output is used by Xcode 'outputs' to avoid re-running this script phase.\necho \"SUCCESS\" > \"${SCRIPT_OUTPUT_FILE_0}\"\n";
			showEnvVarsInLog = 0;
		};
		94A15B77BBACD34CD527A3F6 /* [CP] Embed Pods Frameworks */ = {
			isa = PBXShellScriptBuildPhase;
			buildActionMask = 2147483647;
			files = (
			);
			inputFileListPaths = (
				"${PODS_ROOT}/Target Support Files/Pods-ImageGeneratorIA/Pods-ImageGeneratorIA-frameworks-${CONFIGURATION}-input-files.xcfilelist",
			);
			name = "[CP] Embed Pods Frameworks";
			outputFileListPaths = (
				"${PODS_ROOT}/Target Support Files/Pods-ImageGeneratorIA/Pods-ImageGeneratorIA-frameworks-${CONFIGURATION}-output-files.xcfilelist",
			);
			runOnlyForDeploymentPostprocessing = 0;
			shellPath = /bin/sh;
			shellScript = "\"${PODS_ROOT}/Target Support Files/Pods-ImageGeneratorIA/Pods-ImageGeneratorIA-frameworks.sh\"\n";
			showEnvVarsInLog = 0;
		};
		BEF1C18209F8AE2F8E0BF2FE /* [CP] Check Pods Manifest.lock */ = {
			isa = PBXShellScriptBuildPhase;
			buildActionMask = 2147483647;
			files = (
			);
			inputFileListPaths = (
			);
			inputPaths = (
				"${PODS_PODFILE_DIR_PATH}/Podfile.lock",
				"${PODS_ROOT}/Manifest.lock",
			);
			name = "[CP] Check Pods Manifest.lock";
			outputFileListPaths = (
			);
			outputPaths = (
				"$(DERIVED_FILE_DIR)/Pods-ImageGeneratorIA-ImageGeneratorIAUITests-checkManifestLockResult.txt",
			);
			runOnlyForDeploymentPostprocessing = 0;
			shellPath = /bin/sh;
			shellScript = "diff \"${PODS_PODFILE_DIR_PATH}/Podfile.lock\" \"${PODS_ROOT}/Manifest.lock\" > /dev/null\nif [ $? != 0 ] ; then\n    # print error to STDERR\n    echo \"error: The sandbox is not in sync with the Podfile.lock. Run 'pod install' or update your CocoaPods installation.\" >&2\n    exit 1\nfi\n# This output is used by Xcode 'outputs' to avoid re-running this script phase.\necho \"SUCCESS\" > \"${SCRIPT_OUTPUT_FILE_0}\"\n";
			showEnvVarsInLog = 0;
		};
		C0218C4AE5F36F8105155779 /* [CP] Check Pods Manifest.lock */ = {
			isa = PBXShellScriptBuildPhase;
			buildActionMask = 2147483647;
			files = (
			);
			inputFileListPaths = (
			);
			inputPaths = (
				"${PODS_PODFILE_DIR_PATH}/Podfile.lock",
				"${PODS_ROOT}/Manifest.lock",
			);
			name = "[CP] Check Pods Manifest.lock";
			outputFileListPaths = (
			);
			outputPaths = (
				"$(DERIVED_FILE_DIR)/Pods-ImageGeneratorIA-checkManifestLockResult.txt",
			);
			runOnlyForDeploymentPostprocessing = 0;
			shellPath = /bin/sh;
			shellScript = "diff \"${PODS_PODFILE_DIR_PATH}/Podfile.lock\" \"${PODS_ROOT}/Manifest.lock\" > /dev/null\nif [ $? != 0 ] ; then\n    # print error to STDERR\n    echo \"error: The sandbox is not in sync with the Podfile.lock. Run 'pod install' or update your CocoaPods installation.\" >&2\n    exit 1\nfi\n# This output is used by Xcode 'outputs' to avoid re-running this script phase.\necho \"SUCCESS\" > \"${SCRIPT_OUTPUT_FILE_0}\"\n";
			showEnvVarsInLog = 0;
		};
		CC3EBBC1B78B3467602ECCB3 /* [CP] Embed Pods Frameworks */ = {
			isa = PBXShellScriptBuildPhase;
			buildActionMask = 2147483647;
			files = (
			);
			inputFileListPaths = (
				"${PODS_ROOT}/Target Support Files/Pods-ImageGeneratorIA-ImageGeneratorIAUITests/Pods-ImageGeneratorIA-ImageGeneratorIAUITests-frameworks-${CONFIGURATION}-input-files.xcfilelist",
			);
			name = "[CP] Embed Pods Frameworks";
			outputFileListPaths = (
				"${PODS_ROOT}/Target Support Files/Pods-ImageGeneratorIA-ImageGeneratorIAUITests/Pods-ImageGeneratorIA-ImageGeneratorIAUITests-frameworks-${CONFIGURATION}-output-files.xcfilelist",
			);
			runOnlyForDeploymentPostprocessing = 0;
			shellPath = /bin/sh;
			shellScript = "\"${PODS_ROOT}/Target Support Files/Pods-ImageGeneratorIA-ImageGeneratorIAUITests/Pods-ImageGeneratorIA-ImageGeneratorIAUITests-frameworks.sh\"\n";
			showEnvVarsInLog = 0;
		};
/* End PBXShellScriptBuildPhase section */

/* Begin PBXSourcesBuildPhase section */
		CEC8A1642A16645B00B82A88 /* Sources */ = {
			isa = PBXSourcesBuildPhase;
			buildActionMask = 2147483647;
			files = (
				CEC8A1702A16645B00B82A88 /* GenerateImageViewController.swift in Sources */,
				CEC8A16C2A16645B00B82A88 /* AppDelegate.swift in Sources */,
				CEC8A1A02A16670A00B82A88 /* API.swift in Sources */,
				CEC8A16E2A16645B00B82A88 /* SceneDelegate.swift in Sources */,
				CEC8A1A22A16674300B82A88 /* GeneratorImageViewModel.swift in Sources */,
			);
			runOnlyForDeploymentPostprocessing = 0;
		};
		CEC8A17A2A16645F00B82A88 /* Sources */ = {
			isa = PBXSourcesBuildPhase;
			buildActionMask = 2147483647;
			files = (
				CEC8A1832A16645F00B82A88 /* ImageGeneratorIATests.swift in Sources */,
			);
			runOnlyForDeploymentPostprocessing = 0;
		};
		CEC8A1842A16645F00B82A88 /* Sources */ = {
			isa = PBXSourcesBuildPhase;
			buildActionMask = 2147483647;
			files = (
				CEC8A18F2A16645F00B82A88 /* ImageGeneratorIAUITestsLaunchTests.swift in Sources */,
				CEC8A18D2A16645F00B82A88 /* ImageGeneratorIAUITests.swift in Sources */,
			);
			runOnlyForDeploymentPostprocessing = 0;
		};
/* End PBXSourcesBuildPhase section */

/* Begin PBXTargetDependency section */
		CEC8A1802A16645F00B82A88 /* PBXTargetDependency */ = {
			isa = PBXTargetDependency;
			target = CEC8A1672A16645B00B82A88 /* ImageGeneratorIA */;
			targetProxy = CEC8A17F2A16645F00B82A88 /* PBXContainerItemProxy */;
		};
		CEC8A18A2A16645F00B82A88 /* PBXTargetDependency */ = {
			isa = PBXTargetDependency;
			target = CEC8A1672A16645B00B82A88 /* ImageGeneratorIA */;
			targetProxy = CEC8A1892A16645F00B82A88 /* PBXContainerItemProxy */;
		};
/* End PBXTargetDependency section */

/* Begin PBXVariantGroup section */
		CEC8A1712A16645B00B82A88 /* Main.storyboard */ = {
			isa = PBXVariantGroup;
			children = (
				CEC8A1722A16645B00B82A88 /* Base */,
			);
			name = Main.storyboard;
			sourceTree = "<group>";
		};
		CEC8A1762A16645F00B82A88 /* LaunchScreen.storyboard */ = {
			isa = PBXVariantGroup;
			children = (
				CEC8A1772A16645F00B82A88 /* Base */,
			);
			name = LaunchScreen.storyboard;
			sourceTree = "<group>";
		};
/* End PBXVariantGroup section */

/* Begin XCBuildConfiguration section */
		CEC8A1902A16645F00B82A88 /* Debug */ = {
			isa = XCBuildConfiguration;
			buildSettings = {
				ALWAYS_SEARCH_USER_PATHS = NO;
				CLANG_ANALYZER_NONNULL = YES;
				CLANG_ANALYZER_NUMBER_OBJECT_CONVERSION = YES_AGGRESSIVE;
				CLANG_CXX_LANGUAGE_STANDARD = "gnu++17";
				CLANG_ENABLE_MODULES = YES;
				CLANG_ENABLE_OBJC_ARC = YES;
				CLANG_ENABLE_OBJC_WEAK = YES;
				CLANG_WARN_BLOCK_CAPTURE_AUTORELEASING = YES;
				CLANG_WARN_BOOL_CONVERSION = YES;
				CLANG_WARN_COMMA = YES;
				CLANG_WARN_CONSTANT_CONVERSION = YES;
				CLANG_WARN_DEPRECATED_OBJC_IMPLEMENTATIONS = YES;
				CLANG_WARN_DIRECT_OBJC_ISA_USAGE = YES_ERROR;
				CLANG_WARN_DOCUMENTATION_COMMENTS = YES;
				CLANG_WARN_EMPTY_BODY = YES;
				CLANG_WARN_ENUM_CONVERSION = YES;
				CLANG_WARN_INFINITE_RECURSION = YES;
				CLANG_WARN_INT_CONVERSION = YES;
				CLANG_WARN_NON_LITERAL_NULL_CONVERSION = YES;
				CLANG_WARN_OBJC_IMPLICIT_RETAIN_SELF = YES;
				CLANG_WARN_OBJC_LITERAL_CONVERSION = YES;
				CLANG_WARN_OBJC_ROOT_CLASS = YES_ERROR;
				CLANG_WARN_QUOTED_INCLUDE_IN_FRAMEWORK_HEADER = YES;
				CLANG_WARN_RANGE_LOOP_ANALYSIS = YES;
				CLANG_WARN_STRICT_PROTOTYPES = YES;
				CLANG_WARN_SUSPICIOUS_MOVE = YES;
				CLANG_WARN_UNGUARDED_AVAILABILITY = YES_AGGRESSIVE;
				CLANG_WARN_UNREACHABLE_CODE = YES;
				CLANG_WARN__DUPLICATE_METHOD_MATCH = YES;
				COPY_PHASE_STRIP = NO;
				DEBUG_INFORMATION_FORMAT = dwarf;
				ENABLE_STRICT_OBJC_MSGSEND = YES;
				ENABLE_TESTABILITY = YES;
				GCC_C_LANGUAGE_STANDARD = gnu11;
				GCC_DYNAMIC_NO_PIC = NO;
				GCC_NO_COMMON_BLOCKS = YES;
				GCC_OPTIMIZATION_LEVEL = 0;
				GCC_PREPROCESSOR_DEFINITIONS = (
					"DEBUG=1",
					"$(inherited)",
				);
				GCC_WARN_64_TO_32_BIT_CONVERSION = YES;
				GCC_WARN_ABOUT_RETURN_TYPE = YES_ERROR;
				GCC_WARN_UNDECLARED_SELECTOR = YES;
				GCC_WARN_UNINITIALIZED_AUTOS = YES_AGGRESSIVE;
				GCC_WARN_UNUSED_FUNCTION = YES;
				GCC_WARN_UNUSED_VARIABLE = YES;
				IPHONEOS_DEPLOYMENT_TARGET = 15.4;
				MTL_ENABLE_DEBUG_INFO = INCLUDE_SOURCE;
				MTL_FAST_MATH = YES;
				ONLY_ACTIVE_ARCH = YES;
				SDKROOT = iphoneos;
				SWIFT_ACTIVE_COMPILATION_CONDITIONS = DEBUG;
				SWIFT_OPTIMIZATION_LEVEL = "-Onone";
			};
			name = Debug;
		};
		CEC8A1912A16645F00B82A88 /* Release */ = {
			isa = XCBuildConfiguration;
			buildSettings = {
				ALWAYS_SEARCH_USER_PATHS = NO;
				CLANG_ANALYZER_NONNULL = YES;
				CLANG_ANALYZER_NUMBER_OBJECT_CONVERSION = YES_AGGRESSIVE;
				CLANG_CXX_LANGUAGE_STANDARD = "gnu++17";
				CLANG_ENABLE_MODULES = YES;
				CLANG_ENABLE_OBJC_ARC = YES;
				CLANG_ENABLE_OBJC_WEAK = YES;
				CLANG_WARN_BLOCK_CAPTURE_AUTORELEASING = YES;
				CLANG_WARN_BOOL_CONVERSION = YES;
				CLANG_WARN_COMMA = YES;
				CLANG_WARN_CONSTANT_CONVERSION = YES;
				CLANG_WARN_DEPRECATED_OBJC_IMPLEMENTATIONS = YES;
				CLANG_WARN_DIRECT_OBJC_ISA_USAGE = YES_ERROR;
				CLANG_WARN_DOCUMENTATION_COMMENTS = YES;
				CLANG_WARN_EMPTY_BODY = YES;
				CLANG_WARN_ENUM_CONVERSION = YES;
				CLANG_WARN_INFINITE_RECURSION = YES;
				CLANG_WARN_INT_CONVERSION = YES;
				CLANG_WARN_NON_LITERAL_NULL_CONVERSION = YES;
				CLANG_WARN_OBJC_IMPLICIT_RETAIN_SELF = YES;
				CLANG_WARN_OBJC_LITERAL_CONVERSION = YES;
				CLANG_WARN_OBJC_ROOT_CLASS = YES_ERROR;
				CLANG_WARN_QUOTED_INCLUDE_IN_FRAMEWORK_HEADER = YES;
				CLANG_WARN_RANGE_LOOP_ANALYSIS = YES;
				CLANG_WARN_STRICT_PROTOTYPES = YES;
				CLANG_WARN_SUSPICIOUS_MOVE = YES;
				CLANG_WARN_UNGUARDED_AVAILABILITY = YES_AGGRESSIVE;
				CLANG_WARN_UNREACHABLE_CODE = YES;
				CLANG_WARN__DUPLICATE_METHOD_MATCH = YES;
				COPY_PHASE_STRIP = NO;
				DEBUG_INFORMATION_FORMAT = "dwarf-with-dsym";
				ENABLE_NS_ASSERTIONS = NO;
				ENABLE_STRICT_OBJC_MSGSEND = YES;
				GCC_C_LANGUAGE_STANDARD = gnu11;
				GCC_NO_COMMON_BLOCKS = YES;
				GCC_WARN_64_TO_32_BIT_CONVERSION = YES;
				GCC_WARN_ABOUT_RETURN_TYPE = YES_ERROR;
				GCC_WARN_UNDECLARED_SELECTOR = YES;
				GCC_WARN_UNINITIALIZED_AUTOS = YES_AGGRESSIVE;
				GCC_WARN_UNUSED_FUNCTION = YES;
				GCC_WARN_UNUSED_VARIABLE = YES;
				IPHONEOS_DEPLOYMENT_TARGET = 15.4;
				MTL_ENABLE_DEBUG_INFO = NO;
				MTL_FAST_MATH = YES;
				SDKROOT = iphoneos;
				SWIFT_COMPILATION_MODE = wholemodule;
				SWIFT_OPTIMIZATION_LEVEL = "-O";
				VALIDATE_PRODUCT = YES;
			};
			name = Release;
		};
		CEC8A1932A16645F00B82A88 /* Debug */ = {
			isa = XCBuildConfiguration;
			baseConfigurationReference = 7C518651828883EA1BCE0F6C /* Pods-ImageGeneratorIA.debug.xcconfig */;
			buildSettings = {
				ASSETCATALOG_COMPILER_APPICON_NAME = AppIcon;
				ASSETCATALOG_COMPILER_GLOBAL_ACCENT_COLOR_NAME = AccentColor;
				CODE_SIGN_STYLE = Automatic;
				CURRENT_PROJECT_VERSION = 1;
				DEVELOPMENT_TEAM = 96BGR9J6TU;
				GENERATE_INFOPLIST_FILE = YES;
				INFOPLIST_FILE = ImageGeneratorIA/Info.plist;
				INFOPLIST_KEY_UIApplicationSupportsIndirectInputEvents = YES;
				INFOPLIST_KEY_UILaunchStoryboardName = LaunchScreen;
				INFOPLIST_KEY_UIMainStoryboardFile = Main;
				INFOPLIST_KEY_UISupportedInterfaceOrientations = UIInterfaceOrientationPortrait;
				INFOPLIST_KEY_UISupportedInterfaceOrientations_iPad = "UIInterfaceOrientationPortrait UIInterfaceOrientationPortraitUpsideDown UIInterfaceOrientationLandscapeLeft UIInterfaceOrientationLandscapeRight";
				INFOPLIST_KEY_UISupportedInterfaceOrientations_iPhone = "UIInterfaceOrientationPortrait UIInterfaceOrientationLandscapeLeft UIInterfaceOrientationLandscapeRight";
				LD_RUNPATH_SEARCH_PATHS = (
					"$(inherited)",
					"@executable_path/Frameworks",
				);
				MARKETING_VERSION = 1.0;
				PRODUCT_BUNDLE_IDENTIFIER = com.pedroroca.ImageGeneratorIA;
				PRODUCT_NAME = "$(TARGET_NAME)";
				SWIFT_EMIT_LOC_STRINGS = YES;
				SWIFT_VERSION = 5.0;
				TARGETED_DEVICE_FAMILY = "1,2";
			};
			name = Debug;
		};
		CEC8A1942A16645F00B82A88 /* Release */ = {
			isa = XCBuildConfiguration;
			baseConfigurationReference = 639735B010B4DA306AA0F852 /* Pods-ImageGeneratorIA.release.xcconfig */;
			buildSettings = {
				ASSETCATALOG_COMPILER_APPICON_NAME = AppIcon;
				ASSETCATALOG_COMPILER_GLOBAL_ACCENT_COLOR_NAME = AccentColor;
				CODE_SIGN_STYLE = Automatic;
				CURRENT_PROJECT_VERSION = 1;
				DEVELOPMENT_TEAM = 96BGR9J6TU;
				GENERATE_INFOPLIST_FILE = YES;
				INFOPLIST_FILE = ImageGeneratorIA/Info.plist;
				INFOPLIST_KEY_UIApplicationSupportsIndirectInputEvents = YES;
				INFOPLIST_KEY_UILaunchStoryboardName = LaunchScreen;
				INFOPLIST_KEY_UIMainStoryboardFile = Main;
				INFOPLIST_KEY_UISupportedInterfaceOrientations = UIInterfaceOrientationPortrait;
				INFOPLIST_KEY_UISupportedInterfaceOrientations_iPad = "UIInterfaceOrientationPortrait UIInterfaceOrientationPortraitUpsideDown UIInterfaceOrientationLandscapeLeft UIInterfaceOrientationLandscapeRight";
				INFOPLIST_KEY_UISupportedInterfaceOrientations_iPhone = "UIInterfaceOrientationPortrait UIInterfaceOrientationLandscapeLeft UIInterfaceOrientationLandscapeRight";
				LD_RUNPATH_SEARCH_PATHS = (
					"$(inherited)",
					"@executable_path/Frameworks",
				);
				MARKETING_VERSION = 1.0;
				PRODUCT_BUNDLE_IDENTIFIER = com.pedroroca.ImageGeneratorIA;
				PRODUCT_NAME = "$(TARGET_NAME)";
				SWIFT_EMIT_LOC_STRINGS = YES;
				SWIFT_VERSION = 5.0;
				TARGETED_DEVICE_FAMILY = "1,2";
			};
			name = Release;
		};
		CEC8A1962A16645F00B82A88 /* Debug */ = {
			isa = XCBuildConfiguration;
			baseConfigurationReference = 47266EC25FC1240BA2AE6747 /* Pods-ImageGeneratorIATests.debug.xcconfig */;
			buildSettings = {
				ALWAYS_EMBED_SWIFT_STANDARD_LIBRARIES = YES;
				BUNDLE_LOADER = "$(TEST_HOST)";
				CODE_SIGN_STYLE = Automatic;
				CURRENT_PROJECT_VERSION = 1;
				DEVELOPMENT_TEAM = 96BGR9J6TU;
				GENERATE_INFOPLIST_FILE = YES;
				IPHONEOS_DEPLOYMENT_TARGET = 15.4;
				MARKETING_VERSION = 1.0;
				PRODUCT_BUNDLE_IDENTIFIER = com.pedroroca.ImageGeneratorIATests;
				PRODUCT_NAME = "$(TARGET_NAME)";
				SWIFT_EMIT_LOC_STRINGS = NO;
				SWIFT_VERSION = 5.0;
				TARGETED_DEVICE_FAMILY = "1,2";
				TEST_HOST = "$(BUILT_PRODUCTS_DIR)/ImageGeneratorIA.app/ImageGeneratorIA";
			};
			name = Debug;
		};
		CEC8A1972A16645F00B82A88 /* Release */ = {
			isa = XCBuildConfiguration;
			baseConfigurationReference = 2D02C503A08B2F9A8D752B39 /* Pods-ImageGeneratorIATests.release.xcconfig */;
			buildSettings = {
				ALWAYS_EMBED_SWIFT_STANDARD_LIBRARIES = YES;
				BUNDLE_LOADER = "$(TEST_HOST)";
				CODE_SIGN_STYLE = Automatic;
				CURRENT_PROJECT_VERSION = 1;
				DEVELOPMENT_TEAM = 96BGR9J6TU;
				GENERATE_INFOPLIST_FILE = YES;
				IPHONEOS_DEPLOYMENT_TARGET = 15.4;
				MARKETING_VERSION = 1.0;
				PRODUCT_BUNDLE_IDENTIFIER = com.pedroroca.ImageGeneratorIATests;
				PRODUCT_NAME = "$(TARGET_NAME)";
				SWIFT_EMIT_LOC_STRINGS = NO;
				SWIFT_VERSION = 5.0;
				TARGETED_DEVICE_FAMILY = "1,2";
				TEST_HOST = "$(BUILT_PRODUCTS_DIR)/ImageGeneratorIA.app/ImageGeneratorIA";
			};
			name = Release;
		};
		CEC8A1992A16645F00B82A88 /* Debug */ = {
			isa = XCBuildConfiguration;
			baseConfigurationReference = 3BA6309C815883E1517EBDCA /* Pods-ImageGeneratorIA-ImageGeneratorIAUITests.debug.xcconfig */;
			buildSettings = {
				ALWAYS_EMBED_SWIFT_STANDARD_LIBRARIES = YES;
				CODE_SIGN_STYLE = Automatic;
				CURRENT_PROJECT_VERSION = 1;
				DEVELOPMENT_TEAM = 96BGR9J6TU;
				GENERATE_INFOPLIST_FILE = YES;
				MARKETING_VERSION = 1.0;
				PRODUCT_BUNDLE_IDENTIFIER = com.pedroroca.ImageGeneratorIAUITests;
				PRODUCT_NAME = "$(TARGET_NAME)";
				SWIFT_EMIT_LOC_STRINGS = NO;
				SWIFT_VERSION = 5.0;
				TARGETED_DEVICE_FAMILY = "1,2";
				TEST_TARGET_NAME = ImageGeneratorIA;
			};
			name = Debug;
		};
		CEC8A19A2A16645F00B82A88 /* Release */ = {
			isa = XCBuildConfiguration;
			baseConfigurationReference = 8F75173EEC9AF56CE5737BE9 /* Pods-ImageGeneratorIA-ImageGeneratorIAUITests.release.xcconfig */;
			buildSettings = {
				ALWAYS_EMBED_SWIFT_STANDARD_LIBRARIES = YES;
				CODE_SIGN_STYLE = Automatic;
				CURRENT_PROJECT_VERSION = 1;
				DEVELOPMENT_TEAM = 96BGR9J6TU;
				GENERATE_INFOPLIST_FILE = YES;
				MARKETING_VERSION = 1.0;
				PRODUCT_BUNDLE_IDENTIFIER = com.pedroroca.ImageGeneratorIAUITests;
				PRODUCT_NAME = "$(TARGET_NAME)";
				SWIFT_EMIT_LOC_STRINGS = NO;
				SWIFT_VERSION = 5.0;
				TARGETED_DEVICE_FAMILY = "1,2";
				TEST_TARGET_NAME = ImageGeneratorIA;
			};
			name = Release;
		};
/* End XCBuildConfiguration section */

/* Begin XCConfigurationList section */
		CEC8A1632A16645B00B82A88 /* Build configuration list for PBXProject "ImageGeneratorIA" */ = {
			isa = XCConfigurationList;
			buildConfigurations = (
				CEC8A1902A16645F00B82A88 /* Debug */,
				CEC8A1912A16645F00B82A88 /* Release */,
			);
			defaultConfigurationIsVisible = 0;
			defaultConfigurationName = Release;
		};
		CEC8A1922A16645F00B82A88 /* Build configuration list for PBXNativeTarget "ImageGeneratorIA" */ = {
			isa = XCConfigurationList;
			buildConfigurations = (
				CEC8A1932A16645F00B82A88 /* Debug */,
				CEC8A1942A16645F00B82A88 /* Release */,
			);
			defaultConfigurationIsVisible = 0;
			defaultConfigurationName = Release;
		};
		CEC8A1952A16645F00B82A88 /* Build configuration list for PBXNativeTarget "ImageGeneratorIATests" */ = {
			isa = XCConfigurationList;
			buildConfigurations = (
				CEC8A1962A16645F00B82A88 /* Debug */,
				CEC8A1972A16645F00B82A88 /* Release */,
			);
			defaultConfigurationIsVisible = 0;
			defaultConfigurationName = Release;
		};
		CEC8A1982A16645F00B82A88 /* Build configuration list for PBXNativeTarget "ImageGeneratorIAUITests" */ = {
			isa = XCConfigurationList;
			buildConfigurations = (
				CEC8A1992A16645F00B82A88 /* Debug */,
				CEC8A19A2A16645F00B82A88 /* Release */,
			);
			defaultConfigurationIsVisible = 0;
			defaultConfigurationName = Release;
		};
/* End XCConfigurationList section */

/* Begin XCRemoteSwiftPackageReference section */
		CEC8A1A32A16732700B82A88 /* XCRemoteSwiftPackageReference "OpenAISwift" */ = {
			isa = XCRemoteSwiftPackageReference;
			repositoryURL = "https://github.com/adamrushy/OpenAISwift.git";
			requirement = {
				branch = main;
				kind = branch;
			};
		};
/* End XCRemoteSwiftPackageReference section */

/* Begin XCSwiftPackageProductDependency section */
		CEC8A1A42A16732700B82A88 /* OpenAISwift */ = {
			isa = XCSwiftPackageProductDependency;
			package = CEC8A1A32A16732700B82A88 /* XCRemoteSwiftPackageReference "OpenAISwift" */;
			productName = OpenAISwift;
		};
/* End XCSwiftPackageProductDependency section */
	};
	rootObject = CEC8A1602A16645B00B82A88 /* Project object */;
}
